
Microsoft Visual Studio Solution File, Format Version 12.00
# Visual Studio Version 16
VisualStudioVersion = 16.0.30114.105
MinimumVisualStudioVersion = 10.0.40219.1
Project("{FAE04EC0-301F-11D3-BF4B-00C04F79EFBC}") = "LiveboxPanelManager", "LiveboxPanelManager\LiveboxPanelManager.csproj", "{BEE9081F-D01C-472B-9A57-63FDF0F42321}"
EndProject
Global
	GlobalSection(SolutionConfigurationPlatforms) = preSolution
		Debug|Any CPU = Debug|Any CPU
		Release|Any CPU = Release|Any CPU
	EndGlobalSection
	GlobalSection(ProjectConfigurationPlatforms) = postSolution
		{BEE9081F-D01C-472B-9A57-63FDF0F42321}.Debug|Any CPU.ActiveCfg = Debug|Any CPU
		{BEE9081F-D01C-472B-9A57-63FDF0F42321}.Debug|Any CPU.Build.0 = Debug|Any CPU
		{BEE9081F-D01C-472B-9A57-63FDF0F42321}.Release|Any CPU.ActiveCfg = Release|Any CPU
		{BEE9081F-D01C-472B-9A57-63FDF0F42321}.Release|Any CPU.Build.0 = Release|Any CPU
	EndGlobalSection
	GlobalSection(SolutionProperties) = preSolution
		HideSolutionNode = FALSE
	EndGlobalSection
	GlobalSection(ExtensibilityGlobals) = postSolution
		SolutionGuid = {90C374AA-F67A-4569-816E-529ABB0B2CF9}
	EndGlobalSection
EndGlobal
